
Microsoft Visual Studio Solution File, Format Version 12.00
# Visual Studio 2013
VisualStudioVersion = 12.0.20617.1 PREVIEW
MinimumVisualStudioVersion = 10.0.40219.1
Project("{8BC9CEB8-8B4A-11D0-8D11-00A0C91BC942}") = "ex6", "ex6\ex6.vcxproj", "{3B5922A8-E7A0-4C12-A15E-C012803A6078}"
EndProject
Global
	GlobalSection(SolutionConfigurationPlatforms) = preSolution
		Debug|Win32 = Debug|Win32
		Release|Win32 = Release|Win32
	EndGlobalSection
	GlobalSection(ProjectConfigurationPlatforms) = postSolution
		{3B5922A8-E7A0-4C12-A15E-C012803A6078}.Debug|Win32.ActiveCfg = Debug|Win32
		{3B5922A8-E7A0-4C12-A15E-C012803A6078}.Debug|Win32.Build.0 = Debug|Win32
		{3B5922A8-E7A0-4C12-A15E-C012803A6078}.Release|Win32.ActiveCfg = Release|Win32
		{3B5922A8-E7A0-4C12-A15E-C012803A6078}.Release|Win32.Build.0 = Release|Win32
	EndGlobalSection
	GlobalSection(SolutionProperties) = preSolution
		HideSolutionNode = FALSE
	EndGlobalSection
EndGlobal
