
Microsoft Visual Studio Solution File, Format Version 12.00
# Visual Studio 2012
Project("{8BC9CEB8-8B4A-11D0-8D11-00A0C91BC942}") = "Lab2Ex1", "Lab2Ex1\Lab2Ex1.vcxproj", "{F1E22B64-D3FA-4997-8540-789E0ED32CC3}"
EndProject
Global
	GlobalSection(SolutionConfigurationPlatforms) = preSolution
		Debug|Win32 = Debug|Win32
		Release|Win32 = Release|Win32
	EndGlobalSection
	GlobalSection(ProjectConfigurationPlatforms) = postSolution
		{F1E22B64-D3FA-4997-8540-789E0ED32CC3}.Debug|Win32.ActiveCfg = Debug|Win32
		{F1E22B64-D3FA-4997-8540-789E0ED32CC3}.Debug|Win32.Build.0 = Debug|Win32
		{F1E22B64-D3FA-4997-8540-789E0ED32CC3}.Release|Win32.ActiveCfg = Release|Win32
		{F1E22B64-D3FA-4997-8540-789E0ED32CC3}.Release|Win32.Build.0 = Release|Win32
	EndGlobalSection
	GlobalSection(SolutionProperties) = preSolution
		HideSolutionNode = FALSE
	EndGlobalSection
EndGlobal
