
Microsoft Visual Studio Solution File, Format Version 12.00
# Visual Studio 2012
Project("{8BC9CEB8-8B4A-11D0-8D11-00A0C91BC942}") = "B", "B\B.vcxproj", "{65940249-5F68-4027-86F2-0F62631ED221}"
EndProject
Global
	GlobalSection(SolutionConfigurationPlatforms) = preSolution
		Debug|Win32 = Debug|Win32
		Release|Win32 = Release|Win32
	EndGlobalSection
	GlobalSection(ProjectConfigurationPlatforms) = postSolution
		{65940249-5F68-4027-86F2-0F62631ED221}.Debug|Win32.ActiveCfg = Debug|Win32
		{65940249-5F68-4027-86F2-0F62631ED221}.Debug|Win32.Build.0 = Debug|Win32
		{65940249-5F68-4027-86F2-0F62631ED221}.Release|Win32.ActiveCfg = Release|Win32
		{65940249-5F68-4027-86F2-0F62631ED221}.Release|Win32.Build.0 = Release|Win32
	EndGlobalSection
	GlobalSection(SolutionProperties) = preSolution
		HideSolutionNode = FALSE
	EndGlobalSection
EndGlobal
